
Microsoft Visual Studio Solution File, Format Version 12.00
# Visual Studio Version 17
VisualStudioVersion = 17.0.32126.317
MinimumVisualStudioVersion = 10.0.40219.1
Project("{9A19103F-16F7-4668-BE54-9A1E7A4F7556}") = "2.8LoopDetection", "2.8LoopDetection.csproj", "{BB90AA96-1FAF-4BE4-97C2-CDCB819C37CC}"
EndProject
Global
	GlobalSection(SolutionConfigurationPlatforms) = preSolution
		Debug|Any CPU = Debug|Any CPU
		Release|Any CPU = Release|Any CPU
	EndGlobalSection
	GlobalSection(ProjectConfigurationPlatforms) = postSolution
		{BB90AA96-1FAF-4BE4-97C2-CDCB819C37CC}.Debug|Any CPU.ActiveCfg = Debug|Any CPU
		{BB90AA96-1FAF-4BE4-97C2-CDCB819C37CC}.Debug|Any CPU.Build.0 = Debug|Any CPU
		{BB90AA96-1FAF-4BE4-97C2-CDCB819C37CC}.Release|Any CPU.ActiveCfg = Release|Any CPU
		{BB90AA96-1FAF-4BE4-97C2-CDCB819C37CC}.Release|Any CPU.Build.0 = Release|Any CPU
	EndGlobalSection
	GlobalSection(SolutionProperties) = preSolution
		HideSolutionNode = FALSE
	EndGlobalSection
	GlobalSection(ExtensibilityGlobals) = postSolution
		SolutionGuid = {47E6AD12-7A0E-4DA7-A192-6A7A21EACCA6}
	EndGlobalSection
EndGlobal
