
Microsoft Visual Studio Solution File, Format Version 12.00
# Visual Studio Version 17
VisualStudioVersion = 17.0.32126.317
MinimumVisualStudioVersion = 10.0.40219.1
Project("{9A19103F-16F7-4668-BE54-9A1E7A4F7556}") = "2.4Partition", "2.4Partition.csproj", "{8A685242-3F64-4F23-B425-964F2A0559F5}"
EndProject
Global
	GlobalSection(SolutionConfigurationPlatforms) = preSolution
		Debug|Any CPU = Debug|Any CPU
		Release|Any CPU = Release|Any CPU
	EndGlobalSection
	GlobalSection(ProjectConfigurationPlatforms) = postSolution
		{8A685242-3F64-4F23-B425-964F2A0559F5}.Debug|Any CPU.ActiveCfg = Debug|Any CPU
		{8A685242-3F64-4F23-B425-964F2A0559F5}.Debug|Any CPU.Build.0 = Debug|Any CPU
		{8A685242-3F64-4F23-B425-964F2A0559F5}.Release|Any CPU.ActiveCfg = Release|Any CPU
		{8A685242-3F64-4F23-B425-964F2A0559F5}.Release|Any CPU.Build.0 = Release|Any CPU
	EndGlobalSection
	GlobalSection(SolutionProperties) = preSolution
		HideSolutionNode = FALSE
	EndGlobalSection
	GlobalSection(ExtensibilityGlobals) = postSolution
		SolutionGuid = {254D1F9A-6135-40BD-8F53-F0920EF95B44}
	EndGlobalSection
EndGlobal
