
Microsoft Visual Studio Solution File, Format Version 12.00
# Visual Studio Version 17
VisualStudioVersion = 17.0.32002.185
MinimumVisualStudioVersion = 10.0.40219.1
Project("{9A19103F-16F7-4668-BE54-9A1E7A4F7556}") = "1.9StringRotation", "1.9StringRotation.csproj", "{CC78707F-43AE-4669-AD84-026B8966EDDE}"
EndProject
Global
	GlobalSection(SolutionConfigurationPlatforms) = preSolution
		Debug|Any CPU = Debug|Any CPU
		Release|Any CPU = Release|Any CPU
	EndGlobalSection
	GlobalSection(ProjectConfigurationPlatforms) = postSolution
		{CC78707F-43AE-4669-AD84-026B8966EDDE}.Debug|Any CPU.ActiveCfg = Debug|Any CPU
		{CC78707F-43AE-4669-AD84-026B8966EDDE}.Debug|Any CPU.Build.0 = Debug|Any CPU
		{CC78707F-43AE-4669-AD84-026B8966EDDE}.Release|Any CPU.ActiveCfg = Release|Any CPU
		{CC78707F-43AE-4669-AD84-026B8966EDDE}.Release|Any CPU.Build.0 = Release|Any CPU
	EndGlobalSection
	GlobalSection(SolutionProperties) = preSolution
		HideSolutionNode = FALSE
	EndGlobalSection
	GlobalSection(ExtensibilityGlobals) = postSolution
		SolutionGuid = {B9FF31C6-3D94-42C9-A6DF-2D027F576F1C}
	EndGlobalSection
EndGlobal
