
Microsoft Visual Studio Solution File, Format Version 12.00
# Visual Studio Version 17
VisualStudioVersion = 17.0.32002.185
MinimumVisualStudioVersion = 10.0.40219.1
Project("{9A19103F-16F7-4668-BE54-9A1E7A4F7556}") = "RemoveDups", "RemoveDups.csproj", "{382FF0D6-470D-45EF-89D9-7C21864ADFBB}"
EndProject
Global
	GlobalSection(SolutionConfigurationPlatforms) = preSolution
		Debug|Any CPU = Debug|Any CPU
		Release|Any CPU = Release|Any CPU
	EndGlobalSection
	GlobalSection(ProjectConfigurationPlatforms) = postSolution
		{382FF0D6-470D-45EF-89D9-7C21864ADFBB}.Debug|Any CPU.ActiveCfg = Debug|Any CPU
		{382FF0D6-470D-45EF-89D9-7C21864ADFBB}.Debug|Any CPU.Build.0 = Debug|Any CPU
		{382FF0D6-470D-45EF-89D9-7C21864ADFBB}.Release|Any CPU.ActiveCfg = Release|Any CPU
		{382FF0D6-470D-45EF-89D9-7C21864ADFBB}.Release|Any CPU.Build.0 = Release|Any CPU
	EndGlobalSection
	GlobalSection(SolutionProperties) = preSolution
		HideSolutionNode = FALSE
	EndGlobalSection
	GlobalSection(ExtensibilityGlobals) = postSolution
		SolutionGuid = {B7BD98A4-2443-4753-B23D-2DA3909F2A58}
	EndGlobalSection
EndGlobal
